
Microsoft Visual Studio Solution File, Format Version 12.00
# Visual Studio Version 17
VisualStudioVersion = 17.2.32630.192
MinimumVisualStudioVersion = 10.0.40219.1
Project("{FAE04EC0-301F-11D3-BF4B-00C04F79EFBC}") = "StartUpProjectDemo", "StartUpProjectDemo.csproj", "{E8DDA57A-4B28-4CED-9448-3FC71A92DBC7}"
EndProject
Global
	GlobalSection(SolutionConfigurationPlatforms) = preSolution
		Debug|Any CPU = Debug|Any CPU
		Release|Any CPU = Release|Any CPU
	EndGlobalSection
	GlobalSection(ProjectConfigurationPlatforms) = postSolution
		{E8DDA57A-4B28-4CED-9448-3FC71A92DBC7}.Debug|Any CPU.ActiveCfg = Debug|Any CPU
		{E8DDA57A-4B28-4CED-9448-3FC71A92DBC7}.Debug|Any CPU.Build.0 = Debug|Any CPU
		{E8DDA57A-4B28-4CED-9448-3FC71A92DBC7}.Release|Any CPU.ActiveCfg = Release|Any CPU
		{E8DDA57A-4B28-4CED-9448-3FC71A92DBC7}.Release|Any CPU.Build.0 = Release|Any CPU
	EndGlobalSection
	GlobalSection(SolutionProperties) = preSolution
		HideSolutionNode = FALSE
	EndGlobalSection
	GlobalSection(ExtensibilityGlobals) = postSolution
		SolutionGuid = {BC68D16C-8223-406E-A1FA-7589DE60943F}
	EndGlobalSection
EndGlobal
